
Microsoft Visual Studio Solution File, Format Version 12.00
# Visual Studio Version 17
VisualStudioVersion = 17.4.33213.308
MinimumVisualStudioVersion = 10.0.40219.1
Project("{9A19103F-16F7-4668-BE54-9A1E7A4F7556}") = "HomeWork1 Task1", "HW1 Task1\HomeWork1 Task1.csproj", "{B03C0380-8555-4820-B677-FF2E1B47F3B8}"
EndProject
Project("{9A19103F-16F7-4668-BE54-9A1E7A4F7556}") = "HomeWork1 Task2", "HW1 Task2\HomeWork1 Task2.csproj", "{3B074F5E-24FC-411F-A634-0196F3655891}"
EndProject
Project("{9A19103F-16F7-4668-BE54-9A1E7A4F7556}") = "HomeWork2 Task1", "HW2 Task1\HomeWork2 Task1.csproj", "{A6C7F938-4AA3-4656-90BA-58505A8BEF71}"
EndProject
Project("{9A19103F-16F7-4668-BE54-9A1E7A4F7556}") = "HomeWork2 Task2", "HW2 Task2\HomeWork2 Task2.csproj", "{1909CB20-AB9D-4E55-8F2F-922EE0C1B317}"
EndProject
Project("{2150E333-8FDC-42A3-9474-1A3956D46DE8}") = "HomeWork1", "HomeWork1", "{0FE52C76-25E5-4D41-9B30-1D378387E821}"
EndProject
Project("{2150E333-8FDC-42A3-9474-1A3956D46DE8}") = "HomeWork2", "HomeWork2", "{A473BD8B-4863-49CD-85AD-E9821378D8EC}"
EndProject
Project("{2150E333-8FDC-42A3-9474-1A3956D46DE8}") = "HomeWork3", "HomeWork3", "{6F1B575B-4062-4E67-8FE7-FEB63E94FD52}"
EndProject
Project("{9A19103F-16F7-4668-BE54-9A1E7A4F7556}") = "Task1", "HW3\Task1\Task1.csproj", "{1338A0F2-3866-4E89-8F0D-EA04AAE68E23}"
EndProject
Project("{9A19103F-16F7-4668-BE54-9A1E7A4F7556}") = "Task2", "HW3\Task2\Task2.csproj", "{86EC0713-0561-40CC-94EA-09B0532CB5CA}"
EndProject
Project("{9A19103F-16F7-4668-BE54-9A1E7A4F7556}") = "Task3", "HW3\Task3\Task3.csproj", "{8BC29A46-EB38-45A1-95E9-AA9E11109ABE}"
EndProject
Project("{9A19103F-16F7-4668-BE54-9A1E7A4F7556}") = "Task4", "HW3\Task4\Task4.csproj", "{C048C1AE-2586-4532-9CDE-8E70F081042F}"
EndProject
Project("{9A19103F-16F7-4668-BE54-9A1E7A4F7556}") = "Task5", "HW3\Task5\Task5.csproj", "{ED479149-F40C-48D5-9259-885BC38BEEBB}"
EndProject
Project("{2150E333-8FDC-42A3-9474-1A3956D46DE8}") = "HomeWork4", "HomeWork4", "{9F25C797-0226-4274-95AE-187307349C55}"
EndProject
Project("{9A19103F-16F7-4668-BE54-9A1E7A4F7556}") = "Task1", "HW4\Task1\Task1.csproj", "{707D0CB8-E84D-4C8C-BF16-0C89BF7DDEC5}"
EndProject
Project("{2150E333-8FDC-42A3-9474-1A3956D46DE8}") = "Homework5", "Homework5", "{8CBE66B3-9223-4969-AE07-8EEC62B89479}"
EndProject
Project("{FAE04EC0-301F-11D3-BF4B-00C04F79EFBC}") = "Taks1", "Taks1\Taks1.csproj", "{D51C0395-2BCB-4A99-8348-E770A951C04A}"
EndProject
Project("{FAE04EC0-301F-11D3-BF4B-00C04F79EFBC}") = "Task2", "Task2\Task2.csproj", "{1881F132-3C9A-4C22-81B7-0D6F45B1F4C0}"
EndProject
Project("{FAE04EC0-301F-11D3-BF4B-00C04F79EFBC}") = "Task3", "Task3\Task3.csproj", "{95687F55-5749-42CD-A5B2-DED3E3C8AF1B}"
EndProject
Global
	GlobalSection(SolutionConfigurationPlatforms) = preSolution
		Debug|Any CPU = Debug|Any CPU
		Release|Any CPU = Release|Any CPU
	EndGlobalSection
	GlobalSection(ProjectConfigurationPlatforms) = postSolution
		{B03C0380-8555-4820-B677-FF2E1B47F3B8}.Debug|Any CPU.ActiveCfg = Debug|Any CPU
		{B03C0380-8555-4820-B677-FF2E1B47F3B8}.Debug|Any CPU.Build.0 = Debug|Any CPU
		{B03C0380-8555-4820-B677-FF2E1B47F3B8}.Release|Any CPU.ActiveCfg = Release|Any CPU
		{B03C0380-8555-4820-B677-FF2E1B47F3B8}.Release|Any CPU.Build.0 = Release|Any CPU
		{3B074F5E-24FC-411F-A634-0196F3655891}.Debug|Any CPU.ActiveCfg = Debug|Any CPU
		{3B074F5E-24FC-411F-A634-0196F3655891}.Debug|Any CPU.Build.0 = Debug|Any CPU
		{3B074F5E-24FC-411F-A634-0196F3655891}.Release|Any CPU.ActiveCfg = Release|Any CPU
		{3B074F5E-24FC-411F-A634-0196F3655891}.Release|Any CPU.Build.0 = Release|Any CPU
		{A6C7F938-4AA3-4656-90BA-58505A8BEF71}.Debug|Any CPU.ActiveCfg = Debug|Any CPU
		{A6C7F938-4AA3-4656-90BA-58505A8BEF71}.Debug|Any CPU.Build.0 = Debug|Any CPU
		{A6C7F938-4AA3-4656-90BA-58505A8BEF71}.Release|Any CPU.ActiveCfg = Release|Any CPU
		{A6C7F938-4AA3-4656-90BA-58505A8BEF71}.Release|Any CPU.Build.0 = Release|Any CPU
		{1909CB20-AB9D-4E55-8F2F-922EE0C1B317}.Debug|Any CPU.ActiveCfg = Debug|Any CPU
		{1909CB20-AB9D-4E55-8F2F-922EE0C1B317}.Debug|Any CPU.Build.0 = Debug|Any CPU
		{1909CB20-AB9D-4E55-8F2F-922EE0C1B317}.Release|Any CPU.ActiveCfg = Release|Any CPU
		{1909CB20-AB9D-4E55-8F2F-922EE0C1B317}.Release|Any CPU.Build.0 = Release|Any CPU
		{1338A0F2-3866-4E89-8F0D-EA04AAE68E23}.Debug|Any CPU.ActiveCfg = Debug|Any CPU
		{1338A0F2-3866-4E89-8F0D-EA04AAE68E23}.Debug|Any CPU.Build.0 = Debug|Any CPU
		{1338A0F2-3866-4E89-8F0D-EA04AAE68E23}.Release|Any CPU.ActiveCfg = Release|Any CPU
		{1338A0F2-3866-4E89-8F0D-EA04AAE68E23}.Release|Any CPU.Build.0 = Release|Any CPU
		{86EC0713-0561-40CC-94EA-09B0532CB5CA}.Debug|Any CPU.ActiveCfg = Debug|Any CPU
		{86EC0713-0561-40CC-94EA-09B0532CB5CA}.Debug|Any CPU.Build.0 = Debug|Any CPU
		{86EC0713-0561-40CC-94EA-09B0532CB5CA}.Release|Any CPU.ActiveCfg = Release|Any CPU
		{86EC0713-0561-40CC-94EA-09B0532CB5CA}.Release|Any CPU.Build.0 = Release|Any CPU
		{8BC29A46-EB38-45A1-95E9-AA9E11109ABE}.Debug|Any CPU.ActiveCfg = Debug|Any CPU
		{8BC29A46-EB38-45A1-95E9-AA9E11109ABE}.Debug|Any CPU.Build.0 = Debug|Any CPU
		{8BC29A46-EB38-45A1-95E9-AA9E11109ABE}.Release|Any CPU.ActiveCfg = Release|Any CPU
		{8BC29A46-EB38-45A1-95E9-AA9E11109ABE}.Release|Any CPU.Build.0 = Release|Any CPU
		{C048C1AE-2586-4532-9CDE-8E70F081042F}.Debug|Any CPU.ActiveCfg = Debug|Any CPU
		{C048C1AE-2586-4532-9CDE-8E70F081042F}.Debug|Any CPU.Build.0 = Debug|Any CPU
		{C048C1AE-2586-4532-9CDE-8E70F081042F}.Release|Any CPU.ActiveCfg = Release|Any CPU
		{C048C1AE-2586-4532-9CDE-8E70F081042F}.Release|Any CPU.Build.0 = Release|Any CPU
		{ED479149-F40C-48D5-9259-885BC38BEEBB}.Debug|Any CPU.ActiveCfg = Debug|Any CPU
		{ED479149-F40C-48D5-9259-885BC38BEEBB}.Debug|Any CPU.Build.0 = Debug|Any CPU
		{ED479149-F40C-48D5-9259-885BC38BEEBB}.Release|Any CPU.ActiveCfg = Release|Any CPU
		{ED479149-F40C-48D5-9259-885BC38BEEBB}.Release|Any CPU.Build.0 = Release|Any CPU
		{707D0CB8-E84D-4C8C-BF16-0C89BF7DDEC5}.Debug|Any CPU.ActiveCfg = Debug|Any CPU
		{707D0CB8-E84D-4C8C-BF16-0C89BF7DDEC5}.Debug|Any CPU.Build.0 = Debug|Any CPU
		{707D0CB8-E84D-4C8C-BF16-0C89BF7DDEC5}.Release|Any CPU.ActiveCfg = Release|Any CPU
		{707D0CB8-E84D-4C8C-BF16-0C89BF7DDEC5}.Release|Any CPU.Build.0 = Release|Any CPU
		{D51C0395-2BCB-4A99-8348-E770A951C04A}.Debug|Any CPU.ActiveCfg = Debug|Any CPU
		{D51C0395-2BCB-4A99-8348-E770A951C04A}.Debug|Any CPU.Build.0 = Debug|Any CPU
		{D51C0395-2BCB-4A99-8348-E770A951C04A}.Release|Any CPU.ActiveCfg = Release|Any CPU
		{D51C0395-2BCB-4A99-8348-E770A951C04A}.Release|Any CPU.Build.0 = Release|Any CPU
		{1881F132-3C9A-4C22-81B7-0D6F45B1F4C0}.Debug|Any CPU.ActiveCfg = Debug|Any CPU
		{1881F132-3C9A-4C22-81B7-0D6F45B1F4C0}.Debug|Any CPU.Build.0 = Debug|Any CPU
		{1881F132-3C9A-4C22-81B7-0D6F45B1F4C0}.Release|Any CPU.ActiveCfg = Release|Any CPU
		{1881F132-3C9A-4C22-81B7-0D6F45B1F4C0}.Release|Any CPU.Build.0 = Release|Any CPU
		{95687F55-5749-42CD-A5B2-DED3E3C8AF1B}.Debug|Any CPU.ActiveCfg = Debug|Any CPU
		{95687F55-5749-42CD-A5B2-DED3E3C8AF1B}.Debug|Any CPU.Build.0 = Debug|Any CPU
		{95687F55-5749-42CD-A5B2-DED3E3C8AF1B}.Release|Any CPU.ActiveCfg = Release|Any CPU
		{95687F55-5749-42CD-A5B2-DED3E3C8AF1B}.Release|Any CPU.Build.0 = Release|Any CPU
	EndGlobalSection
	GlobalSection(SolutionProperties) = preSolution
		HideSolutionNode = FALSE
	EndGlobalSection
	GlobalSection(NestedProjects) = preSolution
		{B03C0380-8555-4820-B677-FF2E1B47F3B8} = {0FE52C76-25E5-4D41-9B30-1D378387E821}
		{3B074F5E-24FC-411F-A634-0196F3655891} = {0FE52C76-25E5-4D41-9B30-1D378387E821}
		{A6C7F938-4AA3-4656-90BA-58505A8BEF71} = {A473BD8B-4863-49CD-85AD-E9821378D8EC}
		{1909CB20-AB9D-4E55-8F2F-922EE0C1B317} = {A473BD8B-4863-49CD-85AD-E9821378D8EC}
		{1338A0F2-3866-4E89-8F0D-EA04AAE68E23} = {6F1B575B-4062-4E67-8FE7-FEB63E94FD52}
		{86EC0713-0561-40CC-94EA-09B0532CB5CA} = {6F1B575B-4062-4E67-8FE7-FEB63E94FD52}
		{8BC29A46-EB38-45A1-95E9-AA9E11109ABE} = {6F1B575B-4062-4E67-8FE7-FEB63E94FD52}
		{C048C1AE-2586-4532-9CDE-8E70F081042F} = {6F1B575B-4062-4E67-8FE7-FEB63E94FD52}
		{ED479149-F40C-48D5-9259-885BC38BEEBB} = {6F1B575B-4062-4E67-8FE7-FEB63E94FD52}
		{707D0CB8-E84D-4C8C-BF16-0C89BF7DDEC5} = {9F25C797-0226-4274-95AE-187307349C55}
		{D51C0395-2BCB-4A99-8348-E770A951C04A} = {8CBE66B3-9223-4969-AE07-8EEC62B89479}
		{1881F132-3C9A-4C22-81B7-0D6F45B1F4C0} = {9F25C797-0226-4274-95AE-187307349C55}
		{95687F55-5749-42CD-A5B2-DED3E3C8AF1B} = {9F25C797-0226-4274-95AE-187307349C55}
	EndGlobalSection
	GlobalSection(ExtensibilityGlobals) = postSolution
		SolutionGuid = {4016968E-F2B8-419E-B7BF-27D1C0B84F0B}
	EndGlobalSection
EndGlobal
