
Microsoft Visual Studio Solution File, Format Version 12.00
# Visual Studio Version 17
VisualStudioVersion = 17.4.33213.308
MinimumVisualStudioVersion = 10.0.40219.1
Project("{9A19103F-16F7-4668-BE54-9A1E7A4F7556}") = "HomeWork1 Task1", "HW1 Task1\HomeWork1 Task1.csproj", "{B03C0380-8555-4820-B677-FF2E1B47F3B8}"
EndProject
Project("{9A19103F-16F7-4668-BE54-9A1E7A4F7556}") = "HomeWork1 Task2", "HW1 Task2\HomeWork1 Task2.csproj", "{3B074F5E-24FC-411F-A634-0196F3655891}"
EndProject
Project("{9A19103F-16F7-4668-BE54-9A1E7A4F7556}") = "HomeWork2 Task1", "HW2 Task1\HomeWork2 Task1.csproj", "{A6C7F938-4AA3-4656-90BA-58505A8BEF71}"
EndProject
Project("{9A19103F-16F7-4668-BE54-9A1E7A4F7556}") = "HomeWork2 Task2", "HW2 Task2\HomeWork2 Task2.csproj", "{1909CB20-AB9D-4E55-8F2F-922EE0C1B317}"
EndProject
Project("{2150E333-8FDC-42A3-9474-1A3956D46DE8}") = "HomeWork1", "HomeWork1", "{0FE52C76-25E5-4D41-9B30-1D378387E821}"
EndProject
Project("{2150E333-8FDC-42A3-9474-1A3956D46DE8}") = "HomeWork2", "HomeWork2", "{A473BD8B-4863-49CD-85AD-E9821378D8EC}"
EndProject
Project("{2150E333-8FDC-42A3-9474-1A3956D46DE8}") = "HomeWork3", "HomeWork3", "{6F1B575B-4062-4E67-8FE7-FEB63E94FD52}"
EndProject
Project("{FAE04EC0-301F-11D3-BF4B-00C04F79EFBC}") = "Task1", "Task1\Task1.csproj", "{71E44C48-A86A-4464-9AA3-9FCB3AD9C6FD}"
EndProject
Project("{FAE04EC0-301F-11D3-BF4B-00C04F79EFBC}") = "Task2", "Task2\Task2.csproj", "{E0C19F29-A71A-49EB-A061-E48228CF2A86}"
EndProject
Global
	GlobalSection(SolutionConfigurationPlatforms) = preSolution
		Debug|Any CPU = Debug|Any CPU
		Release|Any CPU = Release|Any CPU
	EndGlobalSection
	GlobalSection(ProjectConfigurationPlatforms) = postSolution
		{B03C0380-8555-4820-B677-FF2E1B47F3B8}.Debug|Any CPU.ActiveCfg = Debug|Any CPU
		{B03C0380-8555-4820-B677-FF2E1B47F3B8}.Debug|Any CPU.Build.0 = Debug|Any CPU
		{B03C0380-8555-4820-B677-FF2E1B47F3B8}.Release|Any CPU.ActiveCfg = Release|Any CPU
		{B03C0380-8555-4820-B677-FF2E1B47F3B8}.Release|Any CPU.Build.0 = Release|Any CPU
		{3B074F5E-24FC-411F-A634-0196F3655891}.Debug|Any CPU.ActiveCfg = Debug|Any CPU
		{3B074F5E-24FC-411F-A634-0196F3655891}.Debug|Any CPU.Build.0 = Debug|Any CPU
		{3B074F5E-24FC-411F-A634-0196F3655891}.Release|Any CPU.ActiveCfg = Release|Any CPU
		{3B074F5E-24FC-411F-A634-0196F3655891}.Release|Any CPU.Build.0 = Release|Any CPU
		{A6C7F938-4AA3-4656-90BA-58505A8BEF71}.Debug|Any CPU.ActiveCfg = Debug|Any CPU
		{A6C7F938-4AA3-4656-90BA-58505A8BEF71}.Debug|Any CPU.Build.0 = Debug|Any CPU
		{A6C7F938-4AA3-4656-90BA-58505A8BEF71}.Release|Any CPU.ActiveCfg = Release|Any CPU
		{A6C7F938-4AA3-4656-90BA-58505A8BEF71}.Release|Any CPU.Build.0 = Release|Any CPU
		{1909CB20-AB9D-4E55-8F2F-922EE0C1B317}.Debug|Any CPU.ActiveCfg = Debug|Any CPU
		{1909CB20-AB9D-4E55-8F2F-922EE0C1B317}.Debug|Any CPU.Build.0 = Debug|Any CPU
		{1909CB20-AB9D-4E55-8F2F-922EE0C1B317}.Release|Any CPU.ActiveCfg = Release|Any CPU
		{1909CB20-AB9D-4E55-8F2F-922EE0C1B317}.Release|Any CPU.Build.0 = Release|Any CPU
		{71E44C48-A86A-4464-9AA3-9FCB3AD9C6FD}.Debug|Any CPU.ActiveCfg = Debug|Any CPU
		{71E44C48-A86A-4464-9AA3-9FCB3AD9C6FD}.Debug|Any CPU.Build.0 = Debug|Any CPU
		{71E44C48-A86A-4464-9AA3-9FCB3AD9C6FD}.Release|Any CPU.ActiveCfg = Release|Any CPU
		{71E44C48-A86A-4464-9AA3-9FCB3AD9C6FD}.Release|Any CPU.Build.0 = Release|Any CPU
		{E0C19F29-A71A-49EB-A061-E48228CF2A86}.Debug|Any CPU.ActiveCfg = Debug|Any CPU
		{E0C19F29-A71A-49EB-A061-E48228CF2A86}.Debug|Any CPU.Build.0 = Debug|Any CPU
		{E0C19F29-A71A-49EB-A061-E48228CF2A86}.Release|Any CPU.ActiveCfg = Release|Any CPU
		{E0C19F29-A71A-49EB-A061-E48228CF2A86}.Release|Any CPU.Build.0 = Release|Any CPU
	EndGlobalSection
	GlobalSection(SolutionProperties) = preSolution
		HideSolutionNode = FALSE
	EndGlobalSection
	GlobalSection(NestedProjects) = preSolution
		{B03C0380-8555-4820-B677-FF2E1B47F3B8} = {0FE52C76-25E5-4D41-9B30-1D378387E821}
		{3B074F5E-24FC-411F-A634-0196F3655891} = {0FE52C76-25E5-4D41-9B30-1D378387E821}
		{A6C7F938-4AA3-4656-90BA-58505A8BEF71} = {A473BD8B-4863-49CD-85AD-E9821378D8EC}
		{1909CB20-AB9D-4E55-8F2F-922EE0C1B317} = {A473BD8B-4863-49CD-85AD-E9821378D8EC}
		{71E44C48-A86A-4464-9AA3-9FCB3AD9C6FD} = {6F1B575B-4062-4E67-8FE7-FEB63E94FD52}
		{E0C19F29-A71A-49EB-A061-E48228CF2A86} = {6F1B575B-4062-4E67-8FE7-FEB63E94FD52}
	EndGlobalSection
	GlobalSection(ExtensibilityGlobals) = postSolution
		SolutionGuid = {4016968E-F2B8-419E-B7BF-27D1C0B84F0B}
	EndGlobalSection
EndGlobal
