
Microsoft Visual Studio Solution File, Format Version 12.00
# Visual Studio Version 17
VisualStudioVersion = 17.4.33213.308
MinimumVisualStudioVersion = 10.0.40219.1
Project("{FAE04EC0-301F-11D3-BF4B-00C04F79EFBC}") = "ConsoleApp1", "ConsoleApp1\ConsoleApp1.csproj", "{7ED8C9B7-A94D-4540-B357-F39320B0C525}"
EndProject
Project("{FAE04EC0-301F-11D3-BF4B-00C04F79EFBC}") = "ConsoleApp2", "ConsoleApp2\ConsoleApp2.csproj", "{A5C7CEB8-032C-4B70-94F5-99936C96218C}"
EndProject
Global
	GlobalSection(SolutionConfigurationPlatforms) = preSolution
		Debug|Any CPU = Debug|Any CPU
		Release|Any CPU = Release|Any CPU
	EndGlobalSection
	GlobalSection(ProjectConfigurationPlatforms) = postSolution
		{7ED8C9B7-A94D-4540-B357-F39320B0C525}.Debug|Any CPU.ActiveCfg = Debug|Any CPU
		{7ED8C9B7-A94D-4540-B357-F39320B0C525}.Debug|Any CPU.Build.0 = Debug|Any CPU
		{7ED8C9B7-A94D-4540-B357-F39320B0C525}.Release|Any CPU.ActiveCfg = Release|Any CPU
		{7ED8C9B7-A94D-4540-B357-F39320B0C525}.Release|Any CPU.Build.0 = Release|Any CPU
		{A5C7CEB8-032C-4B70-94F5-99936C96218C}.Debug|Any CPU.ActiveCfg = Debug|Any CPU
		{A5C7CEB8-032C-4B70-94F5-99936C96218C}.Debug|Any CPU.Build.0 = Debug|Any CPU
		{A5C7CEB8-032C-4B70-94F5-99936C96218C}.Release|Any CPU.ActiveCfg = Release|Any CPU
		{A5C7CEB8-032C-4B70-94F5-99936C96218C}.Release|Any CPU.Build.0 = Release|Any CPU
	EndGlobalSection
	GlobalSection(SolutionProperties) = preSolution
		HideSolutionNode = FALSE
	EndGlobalSection
	GlobalSection(ExtensibilityGlobals) = postSolution
		SolutionGuid = {4C438CC2-062C-4F39-954A-F2722E5EAE18}
	EndGlobalSection
EndGlobal
